
Microsoft Visual Studio Solution File, Format Version 12.00
# Visual Studio 15
VisualStudioVersion = 15.0.28307.106
MinimumVisualStudioVersion = 10.0.40219.1
Project("{2150E333-8FDC-42A3-9474-1A3956D46DE8}") = "Web", "Web", "{E0564B0D-0721-45F6-9351-7DBCCF992D9C}"
EndProject
Project("{9A19103F-16F7-4668-BE54-9A1E7A4F7556}") = "Jokify.Web", "Web\Jokify.Web\Jokify.Web.csproj", "{A0FD8A42-0C1A-474A-B336-F7CEE213E26C}"
EndProject
Project("{2150E333-8FDC-42A3-9474-1A3956D46DE8}") = "Data", "Data", "{C217EEE4-0929-42DB-9D9C-DC3352C3AA99}"
EndProject
Project("{9A19103F-16F7-4668-BE54-9A1E7A4F7556}") = "Jokify.Data", "Data\Jokify.Data\Jokify.Data.csproj", "{C41D4F1C-A801-4367-BC2E-6F6CD2DDACDA}"
EndProject
Project("{9A19103F-16F7-4668-BE54-9A1E7A4F7556}") = "Jokify.Data.Models", "Data\Jokify.Data.Models\Jokify.Data.Models.csproj", "{8FF6FDBC-B111-43D1-AB62-29F1BA824B30}"
EndProject
Project("{2150E333-8FDC-42A3-9474-1A3956D46DE8}") = "Tests", "Tests", "{CB98ED41-8A8C-4A91-AC1A-C49CDA7E3A68}"
EndProject
Project("{9A19103F-16F7-4668-BE54-9A1E7A4F7556}") = "Jokify.Data.Common", "Data\Jokify.Data.Common\Jokify.Data.Common.csproj", "{EE5E55CD-8457-4A2F-8775-221FCA7046F9}"
EndProject
Project("{2150E333-8FDC-42A3-9474-1A3956D46DE8}") = "Services", "Services", "{5756AA1E-A9E7-4BFB-BCEE-6F49A62C5329}"
EndProject
Project("{9A19103F-16F7-4668-BE54-9A1E7A4F7556}") = "Jokify.Services.DataServices", "Services\Jokify.Services.DataServices\Jokify.Services.DataServices.csproj", "{3C814D17-F0A5-4D31-80DB-9AECF6E37879}"
EndProject
Project("{9A19103F-16F7-4668-BE54-9A1E7A4F7556}") = "Jokify.Services.Models", "Services\Jokify.Services.Models\Jokify.Services.Models.csproj", "{6C1ED8BA-7A5F-4113-98CC-37512277A741}"
EndProject
Project("{9A19103F-16F7-4668-BE54-9A1E7A4F7556}") = "Jokify.Services.Mapping", "Services\Jokify.Services.Mapping\Jokify.Services.Mapping.csproj", "{1C03FC08-3D67-4228-84B3-8C114E6D3625}"
EndProject
Project("{9A19103F-16F7-4668-BE54-9A1E7A4F7556}") = "Jokify.Services.MachineLearning", "Services\Jokify.Services.MachineLearning\Jokify.Services.MachineLearning.csproj", "{29C87C6F-C490-4FED-8050-4E6B246D985B}"
EndProject
Project("{9A19103F-16F7-4668-BE54-9A1E7A4F7556}") = "Jokify.Services.DataServices.Tests", "Tests\Jokify.Services.DataServices.Tests\Jokify.Services.DataServices.Tests.csproj", "{71E14275-4B18-4734-8D3B-FC2DA1814D2A}"
EndProject
Project("{2150E333-8FDC-42A3-9474-1A3956D46DE8}") = "WebCrawler", "WebCrawler", "{0137F34F-6CF1-432E-B41F-6C614FD66B94}"
EndProject
Project("{9A19103F-16F7-4668-BE54-9A1E7A4F7556}") = "Jokify.WebCrawler", "WebCrawler\Jokify.WebCrawler.csproj", "{550114A7-822C-4314-AD7C-409C5FE591D3}"
EndProject
Global
	GlobalSection(SolutionConfigurationPlatforms) = preSolution
		Debug|Any CPU = Debug|Any CPU
		Release|Any CPU = Release|Any CPU
	EndGlobalSection
	GlobalSection(ProjectConfigurationPlatforms) = postSolution
		{A0FD8A42-0C1A-474A-B336-F7CEE213E26C}.Debug|Any CPU.ActiveCfg = Debug|Any CPU
		{A0FD8A42-0C1A-474A-B336-F7CEE213E26C}.Debug|Any CPU.Build.0 = Debug|Any CPU
		{A0FD8A42-0C1A-474A-B336-F7CEE213E26C}.Release|Any CPU.ActiveCfg = Release|Any CPU
		{A0FD8A42-0C1A-474A-B336-F7CEE213E26C}.Release|Any CPU.Build.0 = Release|Any CPU
		{C41D4F1C-A801-4367-BC2E-6F6CD2DDACDA}.Debug|Any CPU.ActiveCfg = Debug|Any CPU
		{C41D4F1C-A801-4367-BC2E-6F6CD2DDACDA}.Debug|Any CPU.Build.0 = Debug|Any CPU
		{C41D4F1C-A801-4367-BC2E-6F6CD2DDACDA}.Release|Any CPU.ActiveCfg = Release|Any CPU
		{C41D4F1C-A801-4367-BC2E-6F6CD2DDACDA}.Release|Any CPU.Build.0 = Release|Any CPU
		{8FF6FDBC-B111-43D1-AB62-29F1BA824B30}.Debug|Any CPU.ActiveCfg = Debug|Any CPU
		{8FF6FDBC-B111-43D1-AB62-29F1BA824B30}.Debug|Any CPU.Build.0 = Debug|Any CPU
		{8FF6FDBC-B111-43D1-AB62-29F1BA824B30}.Release|Any CPU.ActiveCfg = Release|Any CPU
		{8FF6FDBC-B111-43D1-AB62-29F1BA824B30}.Release|Any CPU.Build.0 = Release|Any CPU
		{EE5E55CD-8457-4A2F-8775-221FCA7046F9}.Debug|Any CPU.ActiveCfg = Debug|Any CPU
		{EE5E55CD-8457-4A2F-8775-221FCA7046F9}.Debug|Any CPU.Build.0 = Debug|Any CPU
		{EE5E55CD-8457-4A2F-8775-221FCA7046F9}.Release|Any CPU.ActiveCfg = Release|Any CPU
		{EE5E55CD-8457-4A2F-8775-221FCA7046F9}.Release|Any CPU.Build.0 = Release|Any CPU
		{3C814D17-F0A5-4D31-80DB-9AECF6E37879}.Debug|Any CPU.ActiveCfg = Debug|Any CPU
		{3C814D17-F0A5-4D31-80DB-9AECF6E37879}.Debug|Any CPU.Build.0 = Debug|Any CPU
		{3C814D17-F0A5-4D31-80DB-9AECF6E37879}.Release|Any CPU.ActiveCfg = Release|Any CPU
		{3C814D17-F0A5-4D31-80DB-9AECF6E37879}.Release|Any CPU.Build.0 = Release|Any CPU
		{6C1ED8BA-7A5F-4113-98CC-37512277A741}.Debug|Any CPU.ActiveCfg = Debug|Any CPU
		{6C1ED8BA-7A5F-4113-98CC-37512277A741}.Debug|Any CPU.Build.0 = Debug|Any CPU
		{6C1ED8BA-7A5F-4113-98CC-37512277A741}.Release|Any CPU.ActiveCfg = Release|Any CPU
		{6C1ED8BA-7A5F-4113-98CC-37512277A741}.Release|Any CPU.Build.0 = Release|Any CPU
		{1C03FC08-3D67-4228-84B3-8C114E6D3625}.Debug|Any CPU.ActiveCfg = Debug|Any CPU
		{1C03FC08-3D67-4228-84B3-8C114E6D3625}.Debug|Any CPU.Build.0 = Debug|Any CPU
		{1C03FC08-3D67-4228-84B3-8C114E6D3625}.Release|Any CPU.ActiveCfg = Release|Any CPU
		{1C03FC08-3D67-4228-84B3-8C114E6D3625}.Release|Any CPU.Build.0 = Release|Any CPU
		{29C87C6F-C490-4FED-8050-4E6B246D985B}.Debug|Any CPU.ActiveCfg = Debug|Any CPU
		{29C87C6F-C490-4FED-8050-4E6B246D985B}.Debug|Any CPU.Build.0 = Debug|Any CPU
		{29C87C6F-C490-4FED-8050-4E6B246D985B}.Release|Any CPU.ActiveCfg = Release|Any CPU
		{29C87C6F-C490-4FED-8050-4E6B246D985B}.Release|Any CPU.Build.0 = Release|Any CPU
		{71E14275-4B18-4734-8D3B-FC2DA1814D2A}.Debug|Any CPU.ActiveCfg = Debug|Any CPU
		{71E14275-4B18-4734-8D3B-FC2DA1814D2A}.Debug|Any CPU.Build.0 = Debug|Any CPU
		{71E14275-4B18-4734-8D3B-FC2DA1814D2A}.Release|Any CPU.ActiveCfg = Release|Any CPU
		{71E14275-4B18-4734-8D3B-FC2DA1814D2A}.Release|Any CPU.Build.0 = Release|Any CPU
		{550114A7-822C-4314-AD7C-409C5FE591D3}.Debug|Any CPU.ActiveCfg = Debug|Any CPU
		{550114A7-822C-4314-AD7C-409C5FE591D3}.Debug|Any CPU.Build.0 = Debug|Any CPU
		{550114A7-822C-4314-AD7C-409C5FE591D3}.Release|Any CPU.ActiveCfg = Release|Any CPU
		{550114A7-822C-4314-AD7C-409C5FE591D3}.Release|Any CPU.Build.0 = Release|Any CPU
	EndGlobalSection
	GlobalSection(SolutionProperties) = preSolution
		HideSolutionNode = FALSE
	EndGlobalSection
	GlobalSection(NestedProjects) = preSolution
		{A0FD8A42-0C1A-474A-B336-F7CEE213E26C} = {E0564B0D-0721-45F6-9351-7DBCCF992D9C}
		{C41D4F1C-A801-4367-BC2E-6F6CD2DDACDA} = {C217EEE4-0929-42DB-9D9C-DC3352C3AA99}
		{8FF6FDBC-B111-43D1-AB62-29F1BA824B30} = {C217EEE4-0929-42DB-9D9C-DC3352C3AA99}
		{EE5E55CD-8457-4A2F-8775-221FCA7046F9} = {C217EEE4-0929-42DB-9D9C-DC3352C3AA99}
		{3C814D17-F0A5-4D31-80DB-9AECF6E37879} = {5756AA1E-A9E7-4BFB-BCEE-6F49A62C5329}
		{6C1ED8BA-7A5F-4113-98CC-37512277A741} = {5756AA1E-A9E7-4BFB-BCEE-6F49A62C5329}
		{1C03FC08-3D67-4228-84B3-8C114E6D3625} = {5756AA1E-A9E7-4BFB-BCEE-6F49A62C5329}
		{29C87C6F-C490-4FED-8050-4E6B246D985B} = {5756AA1E-A9E7-4BFB-BCEE-6F49A62C5329}
		{71E14275-4B18-4734-8D3B-FC2DA1814D2A} = {CB98ED41-8A8C-4A91-AC1A-C49CDA7E3A68}
		{550114A7-822C-4314-AD7C-409C5FE591D3} = {0137F34F-6CF1-432E-B41F-6C614FD66B94}
	EndGlobalSection
	GlobalSection(ExtensibilityGlobals) = postSolution
		SolutionGuid = {F3E79F9E-1552-489E-9458-3E2BEC48CF54}
	EndGlobalSection
EndGlobal
